// !$*UTF8*$!
{
	archiveVersion = 1;
	classes = {
	};
	objectVersion = 46;
	objects = {

/* Begin PBXBuildFile section */
		B29383561CB7862C00D15321 /* main.m in Sources */ = {isa = PBXBuildFile; fileRef = B29383551CB7862C00D15321 /* main.m */; };
		B29383591CB7862C00D15321 /* AppDelegate.m in Sources */ = {isa = PBXBuildFile; fileRef = B29383581CB7862C00D15321 /* AppDelegate.m */; };
		B293835C1CB7862C00D15321 /* ViewController.m in Sources */ = {isa = PBXBuildFile; fileRef = B293835B1CB7862C00D15321 /* ViewController.m */; };
		B293835F1CB7862C00D15321 /* Main.storyboard in Resources */ = {isa = PBXBuildFile; fileRef = B293835D1CB7862C00D15321 /* Main.storyboard */; };
		B29383611CB7862C00D15321 /* Assets.xcassets in Resources */ = {isa = PBXBuildFile; fileRef = B29383601CB7862C00D15321 /* Assets.xcassets */; };
		B29383641CB7862C00D15321 /* LaunchScreen.storyboard in Resources */ = {isa = PBXBuildFile; fileRef = B29383621CB7862C00D15321 /* LaunchScreen.storyboard */; };
/* End PBXBuildFile section */

/* Begin PBXFileReference section */
		B29383511CB7862C00D15321 /* TestWKWebView.app */ = {isa = PBXFileReference; explicitFileType = wrapper.application; includeInIndex = 0; path = TestWKWebView.app; sourceTree = BUILT_PRODUCTS_DIR; };
		B29383551CB7862C00D15321 /* main.m */ = {isa = PBXFileReference; lastKnownFileType = sourcecode.c.objc; path = main.m; sourceTree = "<group>"; };
		B29383571CB7862C00D15321 /* AppDelegate.h */ = {isa = PBXFileReference; lastKnownFileType = sourcecode.c.h; path = AppDelegate.h; sourceTree = "<group>"; };
		B29383581CB7862C00D15321 /* AppDelegate.m */ = {isa = PBXFileReference; lastKnownFileType = sourcecode.c.objc; path = AppDelegate.m; sourceTree = "<group>"; };
		B293835A1CB7862C00D15321 /* ViewController.h */ = {isa = PBXFileReference; lastKnownFileType = sourcecode.c.h; path = ViewController.h; sourceTree = "<group>"; };
		B293835B1CB7862C00D15321 /* ViewController.m */ = {isa = PBXFileReference; lastKnownFileType = sourcecode.c.objc; path = ViewController.m; sourceTree = "<group>"; };
		B293835E1CB7862C00D15321 /* Base */ = {isa = PBXFileReference; lastKnownFileType = file.storyboard; name = Base; path = Base.lproj/Main.storyboard; sourceTree = "<group>"; };
		B29383601CB7862C00D15321 /* Assets.xcassets */ = {isa = PBXFileReference; lastKnownFileType = folder.assetcatalog; path = Assets.xcassets; sourceTree = "<group>"; };
		B29383631CB7862C00D15321 /* Base */ = {isa = PBXFileReference; lastKnownFileType = file.storyboard; name = Base; path = Base.lproj/LaunchScreen.storyboard; sourceTree = "<group>"; };
		B29383651CB7862C00D15321 /* Info.plist */ = {isa = PBXFileReference; lastKnownFileType = text.plist.xml; path = Info.plist; sourceTree = "<group>"; };
/* End PBXFileReference section */

/* Begin PBXFrameworksBuildPhase section */
		B293834E1CB7862C00D15321 /* Frameworks */ = {
			isa = PBXFrameworksBuildPhase;
			buildActionMask = 2147483647;
			files = (
			);
			runOnlyForDeploymentPostprocessing = 0;
		};
/* End PBXFrameworksBuildPhase section */

/* Begin PBXGroup section */
		B29383481CB7862C00D15321 = {
			isa = PBXGroup;
			children = (
				B29383531CB7862C00D15321 /* TestWKWebView */,
				B29383521CB7862C00D15321 /* Products */,
			);
			sourceTree = "<group>";
		};
		B29383521CB7862C00D15321 /* Products */ = {
			isa = PBXGroup;
			children = (
				B29383511CB7862C00D15321 /* TestWKWebView.app */,
			);
			name = Products;
			sourceTree = "<group>";
		};
		B29383531CB7862C00D15321 /* TestWKWebView */ = {
			isa = PBXGroup;
			children = (
				B29383571CB7862C00D15321 /* AppDelegate.h */,
				B29383581CB7862C00D15321 /* AppDelegate.m */,
				B293835A1CB7862C00D15321 /* ViewController.h */,
				B293835B1CB7862C00D15321 /* ViewController.m */,
				B293835D1CB7862C00D15321 /* Main.storyboard */,
				B29383601CB7862C00D15321 /* Assets.xcassets */,
				B29383621CB7862C00D15321 /* LaunchScreen.storyboard */,
				B29383651CB7862C00D15321 /* Info.plist */,
				B29383541CB7862C00D15321 /* Supporting Files */,
			);
			path = TestWKWebView;
			sourceTree = "<group>";
		};
		B29383541CB7862C00D15321 /* Supporting Files */ = {
			isa = PBXGroup;
			children = (
				B29383551CB7862C00D15321 /* main.m */,
			);
			name = "Supporting Files";
			sourceTree = "<group>";
		};
/* End PBXGroup section */

/* Begin PBXNativeTarget section */
		B29383501CB7862C00D15321 /* TestWKWebView */ = {
			isa = PBXNativeTarget;
			buildConfigurationList = B29383681CB7862C00D15321 /* Build configuration list for PBXNativeTarget "TestWKWebView" */;
			buildPhases = (
				B293834D1CB7862C00D15321 /* Sources */,
				B293834E1CB7862C00D15321 /* Frameworks */,
				B293834F1CB7862C00D15321 /* Resources */,
			);
			buildRules = (
			);
			dependencies = (
			);
			name = TestWKWebView;
			productName = TestWKWebView;
			productReference = B29383511CB7862C00D15321 /* TestWKWebView.app */;
			productType = "com.apple.product-type.application";
		};
/* End PBXNativeTarget section */

/* Begin PBXProject section */
		B29383491CB7862C00D15321 /* Project object */ = {
			isa = PBXProject;
			attributes = {
				LastUpgradeCheck = 0730;
				ORGANIZATIONNAME = "Gennadiy Mishin";
				TargetAttributes = {
					B29383501CB7862C00D15321 = {
						CreatedOnToolsVersion = 7.3;
					};
				};
			};
			buildConfigurationList = B293834C1CB7862C00D15321 /* Build configuration list for PBXProject "TestWKWebView" */;
			compatibilityVersion = "Xcode 3.2";
			developmentRegion = English;
			hasScannedForEncodings = 0;
			knownRegions = (
				en,
				Base,
			);
			mainGroup = B29383481CB7862C00D15321;
			productRefGroup = B29383521CB7862C00D15321 /* Products */;
			projectDirPath = "";
			projectRoot = "";
			targets = (
				B29383501CB7862C00D15321 /* TestWKWebView */,
			);
		};
/* End PBXProject section */

/* Begin PBXResourcesBuildPhase section */
		B293834F1CB7862C00D15321 /* Resources */ = {
			isa = PBXResourcesBuildPhase;
			buildActionMask = 2147483647;
			files = (
				B29383641CB7862C00D15321 /* LaunchScreen.storyboard in Resources */,
				B29383611CB7862C00D15321 /* Assets.xcassets in Resources */,
				B293835F1CB7862C00D15321 /* Main.storyboard in Resources */,
			);
			runOnlyForDeploymentPostprocessing = 0;
		};
/* End PBXResourcesBuildPhase section */

/* Begin PBXSourcesBuildPhase section */
		B293834D1CB7862C00D15321 /* Sources */ = {
			isa = PBXSourcesBuildPhase;
			buildActionMask = 2147483647;
			files = (
				B293835C1CB7862C00D15321 /* ViewController.m in Sources */,
				B29383591CB7862C00D15321 /* AppDelegate.m in Sources */,
				B29383561CB7862C00D15321 /* main.m in Sources */,
			);
			runOnlyForDeploymentPostprocessing = 0;
		};
/* End PBXSourcesBuildPhase section */

/* Begin PBXVariantGroup section */
		B293835D1CB7862C00D15321 /* Main.storyboard */ = {
			isa = PBXVariantGroup;
			children = (
				B293835E1CB7862C00D15321 /* Base */,
			);
			name = Main.storyboard;
			sourceTree = "<group>";
		};
		B29383621CB7862C00D15321 /* LaunchScreen.storyboard */ = {
			isa = PBXVariantGroup;
			children = (
				B29383631CB7862C00D15321 /* Base */,
			);
			name = LaunchScreen.storyboard;
			sourceTree = "<group>";
		};
/* End PBXVariantGroup section */

/* Begin XCBuildConfiguration section */
		B29383661CB7862C00D15321 /* Debug */ = {
			isa = XCBuildConfiguration;
			buildSettings = {
				ALWAYS_SEARCH_USER_PATHS = NO;
				CLANG_ANALYZER_NONNULL = YES;
				CLANG_CXX_LANGUAGE_STANDARD = "gnu++0x";
				CLANG_CXX_LIBRARY = "libc++";
				CLANG_ENABLE_MODULES = YES;
				CLANG_ENABLE_OBJC_ARC = YES;
				CLANG_WARN_BOOL_CONVERSION = YES;
				CLANG_WARN_CONSTANT_CONVERSION = YES;
				CLANG_WARN_DIRECT_OBJC_ISA_USAGE = YES_ERROR;
				CLANG_WARN_EMPTY_BODY = YES;
				CLANG_WARN_ENUM_CONVERSION = YES;
				CLANG_WARN_INT_CONVERSION = YES;
				CLANG_WARN_OBJC_ROOT_CLASS = YES_ERROR;
				CLANG_WARN_UNREACHABLE_CODE = YES;
				CLANG_WARN__DUPLICATE_METHOD_MATCH = YES;
				"CODE_SIGN_IDENTITY[sdk=iphoneos*]" = "iPhone Developer";
				COPY_PHASE_STRIP = NO;
				DEBUG_INFORMATION_FORMAT = dwarf;
				ENABLE_STRICT_OBJC_MSGSEND = YES;
				ENABLE_TESTABILITY = YES;
				GCC_C_LANGUAGE_STANDARD = gnu99;
				GCC_DYNAMIC_NO_PIC = NO;
				GCC_NO_COMMON_BLOCKS = YES;
				GCC_OPTIMIZATION_LEVEL = 0;
				GCC_PREPROCESSOR_DEFINITIONS = (
					"DEBUG=1",
					"$(inherited)",
				);
				GCC_WARN_64_TO_32_BIT_CONVERSION = YES;
				GCC_WARN_ABOUT_RETURN_TYPE = YES_ERROR;
				GCC_WARN_UNDECLARED_SELECTOR = YES;
				GCC_WARN_UNINITIALIZED_AUTOS = YES_AGGRESSIVE;
				GCC_WARN_UNUSED_FUNCTION = YES;
				GCC_WARN_UNUSED_VARIABLE = YES;
				IPHONEOS_DEPLOYMENT_TARGET = 9.3;
				MTL_ENABLE_DEBUG_INFO = YES;
				ONLY_ACTIVE_ARCH = YES;
				SDKROOT = iphoneos;
				TARGETED_DEVICE_FAMILY = "1,2";
			};
			name = Debug;
		};
		B29383671CB7862C00D15321 /* Release */ = {
			isa = XCBuildConfiguration;
			buildSettings = {
				ALWAYS_SEARCH_USER_PATHS = NO;
				CLANG_ANALYZER_NONNULL = YES;
				CLANG_CXX_LANGUAGE_STANDARD = "gnu++0x";
				CLANG_CXX_LIBRARY = "libc++";
				CLANG_ENABLE_MODULES = YES;
				CLANG_ENABLE_OBJC_ARC = YES;
				CLANG_WARN_BOOL_CONVERSION = YES;
				CLANG_WARN_CONSTANT_CONVERSION = YES;
				CLANG_WARN_DIRECT_OBJC_ISA_USAGE = YES_ERROR;
				CLANG_WARN_EMPTY_BODY = YES;
				CLANG_WARN_ENUM_CONVERSION = YES;
				CLANG_WARN_INT_CONVERSION = YES;
				CLANG_WARN_OBJC_ROOT_CLASS = YES_ERROR;
				CLANG_WARN_UNREACHABLE_CODE = YES;
				CLANG_WARN__DUPLICATE_METHOD_MATCH = YES;
				"CODE_SIGN_IDENTITY[sdk=iphoneos*]" = "iPhone Developer";
				COPY_PHASE_STRIP = NO;
				DEBUG_INFORMATION_FORMAT = "dwarf-with-dsym";
				ENABLE_NS_ASSERTIONS = NO;
				ENABLE_STRICT_OBJC_MSGSEND = YES;
				GCC_C_LANGUAGE_STANDARD = gnu99;
				GCC_NO_COMMON_BLOCKS = YES;
				GCC_WARN_64_TO_32_BIT_CONVERSION = YES;
				GCC_WARN_ABOUT_RETURN_TYPE = YES_ERROR;
				GCC_WARN_UNDECLARED_SELECTOR = YES;
				GCC_WARN_UNINITIALIZED_AUTOS = YES_AGGRESSIVE;
				GCC_WARN_UNUSED_FUNCTION = YES;
				GCC_WARN_UNUSED_VARIABLE = YES;
				IPHONEOS_DEPLOYMENT_TARGET = 9.3;
				MTL_ENABLE_DEBUG_INFO = NO;
				SDKROOT = iphoneos;
				TARGETED_DEVICE_FAMILY = "1,2";
				VALIDATE_PRODUCT = YES;
			};
			name = Release;
		};
		B29383691CB7862C00D15321 /* Debug */ = {
			isa = XCBuildConfiguration;
			buildSettings = {
				ASSETCATALOG_COMPILER_APPICON_NAME = AppIcon;
				INFOPLIST_FILE = TestWKWebView/Info.plist;
				LD_RUNPATH_SEARCH_PATHS = "$(inherited) @executable_path/Frameworks";
				PRODUCT_BUNDLE_IDENTIFIER = com.gm.TestWKWebView;
				PRODUCT_NAME = "$(TARGET_NAME)";
			};
			name = Debug;
		};
		B293836A1CB7862C00D15321 /* Release */ = {
			isa = XCBuildConfiguration;
			buildSettings = {
				ASSETCATALOG_COMPILER_APPICON_NAME = AppIcon;
				INFOPLIST_FILE = TestWKWebView/Info.plist;
				LD_RUNPATH_SEARCH_PATHS = "$(inherited) @executable_path/Frameworks";
				PRODUCT_BUNDLE_IDENTIFIER = com.gm.TestWKWebView;
				PRODUCT_NAME = "$(TARGET_NAME)";
			};
			name = Release;
		};
/* End XCBuildConfiguration section */

/* Begin XCConfigurationList section */
		B293834C1CB7862C00D15321 /* Build configuration list for PBXProject "TestWKWebView" */ = {
			isa = XCConfigurationList;
			buildConfigurations = (
				B29383661CB7862C00D15321 /* Debug */,
				B29383671CB7862C00D15321 /* Release */,
			);
			defaultConfigurationIsVisible = 0;
			defaultConfigurationName = Release;
		};
		B29383681CB7862C00D15321 /* Build configuration list for PBXNativeTarget "TestWKWebView" */ = {
			isa = XCConfigurationList;
			buildConfigurations = (
				B29383691CB7862C00D15321 /* Debug */,
				B293836A1CB7862C00D15321 /* Release */,
			);
			defaultConfigurationIsVisible = 0;
		};
/* End XCConfigurationList section */
	};
	rootObject = B29383491CB7862C00D15321 /* Project object */;
}
